
Microsoft Visual Studio Solution File, Format Version 12.00
# Visual Studio Version 17
VisualStudioVersion = 17.0.31912.275
MinimumVisualStudioVersion = 10.0.40219.1
Project("{FAE04EC0-301F-11D3-BF4B-00C04F79EFBC}") = "Producer", "SomeTask\Producer.csproj", "{8A492E50-68C4-4ACA-8E81-94242096017C}"
EndProject
Project("{FAE04EC0-301F-11D3-BF4B-00C04F79EFBC}") = "Consumer", "Consumer\Consumer.csproj", "{3545D2EB-3FF5-4EC1-B0DD-7BCB16264A34}"
EndProject
Project("{FAE04EC0-301F-11D3-BF4B-00C04F79EFBC}") = "DbManipulation", "DbManipulation\DbManipulation.csproj", "{0A768A50-8F12-428E-8BD2-A934B0FB6024}"
EndProject
Global
	GlobalSection(SolutionConfigurationPlatforms) = preSolution
		Debug|Any CPU = Debug|Any CPU
		Release|Any CPU = Release|Any CPU
	EndGlobalSection
	GlobalSection(ProjectConfigurationPlatforms) = postSolution
		{8A492E50-68C4-4ACA-8E81-94242096017C}.Debug|Any CPU.ActiveCfg = Debug|Any CPU
		{8A492E50-68C4-4ACA-8E81-94242096017C}.Debug|Any CPU.Build.0 = Debug|Any CPU
		{8A492E50-68C4-4ACA-8E81-94242096017C}.Release|Any CPU.ActiveCfg = Release|Any CPU
		{8A492E50-68C4-4ACA-8E81-94242096017C}.Release|Any CPU.Build.0 = Release|Any CPU
		{3545D2EB-3FF5-4EC1-B0DD-7BCB16264A34}.Debug|Any CPU.ActiveCfg = Debug|Any CPU
		{3545D2EB-3FF5-4EC1-B0DD-7BCB16264A34}.Debug|Any CPU.Build.0 = Debug|Any CPU
		{3545D2EB-3FF5-4EC1-B0DD-7BCB16264A34}.Release|Any CPU.ActiveCfg = Release|Any CPU
		{3545D2EB-3FF5-4EC1-B0DD-7BCB16264A34}.Release|Any CPU.Build.0 = Release|Any CPU
		{0A768A50-8F12-428E-8BD2-A934B0FB6024}.Debug|Any CPU.ActiveCfg = Debug|Any CPU
		{0A768A50-8F12-428E-8BD2-A934B0FB6024}.Debug|Any CPU.Build.0 = Debug|Any CPU
		{0A768A50-8F12-428E-8BD2-A934B0FB6024}.Release|Any CPU.ActiveCfg = Release|Any CPU
		{0A768A50-8F12-428E-8BD2-A934B0FB6024}.Release|Any CPU.Build.0 = Release|Any CPU
	EndGlobalSection
	GlobalSection(SolutionProperties) = preSolution
		HideSolutionNode = FALSE
	EndGlobalSection
	GlobalSection(ExtensibilityGlobals) = postSolution
		SolutionGuid = {38FFC9DB-E52D-4939-B4D6-56D26A2FD45D}
	EndGlobalSection
EndGlobal
